// !$*UTF8*$!
{
	archiveVersion = 1;
	classes = {
	};
	objectVersion = 56;
	objects = {

/* Begin PBXBuildFile section */
		095BA3A22A8E758A00518240 /* AppDelegate.swift in Sources */ = {isa = PBXBuildFile; fileRef = 095BA3A12A8E758A00518240 /* AppDelegate.swift */; };
		095BA3A42A8E758A00518240 /* SceneDelegate.swift in Sources */ = {isa = PBXBuildFile; fileRef = 095BA3A32A8E758A00518240 /* SceneDelegate.swift */; };
		095BA3A62A8E758A00518240 /* ViewController.swift in Sources */ = {isa = PBXBuildFile; fileRef = 095BA3A52A8E758A00518240 /* ViewController.swift */; };
		095BA3A92A8E758A00518240 /* Main.storyboard in Resources */ = {isa = PBXBuildFile; fileRef = 095BA3A72A8E758A00518240 /* Main.storyboard */; };
		095BA3AB2A8E758D00518240 /* Assets.xcassets in Resources */ = {isa = PBXBuildFile; fileRef = 095BA3AA2A8E758D00518240 /* Assets.xcassets */; };
		095BA3AE2A8E758D00518240 /* LaunchScreen.storyboard in Resources */ = {isa = PBXBuildFile; fileRef = 095BA3AC2A8E758D00518240 /* LaunchScreen.storyboard */; };
		095BA3BB2A8E75C600518240 /* wayPoints100.json in Resources */ = {isa = PBXBuildFile; fileRef = 095BA3B62A8E75C600518240 /* wayPoints100.json */; };
		095BA3BC2A8E75C600518240 /* CitiesModel.swift in Sources */ = {isa = PBXBuildFile; fileRef = 095BA3B72A8E75C600518240 /* CitiesModel.swift */; };
		095BA3BD2A8E75C600518240 /* SearchService.swift in Sources */ = {isa = PBXBuildFile; fileRef = 095BA3B82A8E75C600518240 /* SearchService.swift */; };
		095BA3BE2A8E75C600518240 /* PointModel.swift in Sources */ = {isa = PBXBuildFile; fileRef = 095BA3B92A8E75C600518240 /* PointModel.swift */; };
		095BA3C12A8E760000518240 /* SnapKit in Frameworks */ = {isa = PBXBuildFile; productRef = 095BA3C02A8E760000518240 /* SnapKit */; };
		095BA3C42A8E760C00518240 /* KDTree in Frameworks */ = {isa = PBXBuildFile; productRef = 095BA3C32A8E760C00518240 /* KDTree */; };
		09DAC3342A924B17004F7F79 /* cities10k.json in Resources */ = {isa = PBXBuildFile; fileRef = 09DAC3332A924B17004F7F79 /* cities10k.json */; };
		09DAC3362A924B1D004F7F79 /* cities100k.json in Resources */ = {isa = PBXBuildFile; fileRef = 09DAC3352A924B1D004F7F79 /* cities100k.json */; };
		09DAC3382A9251E4004F7F79 /* wayPoints10k.json in Resources */ = {isa = PBXBuildFile; fileRef = 09DAC3372A9251E4004F7F79 /* wayPoints10k.json */; };
/* End PBXBuildFile section */

/* Begin PBXFileReference section */
		095BA39E2A8E758A00518240 /* ArrayOfLocations.app */ = {isa = PBXFileReference; explicitFileType = wrapper.application; includeInIndex = 0; path = ArrayOfLocations.app; sourceTree = BUILT_PRODUCTS_DIR; };
		095BA3A12A8E758A00518240 /* AppDelegate.swift */ = {isa = PBXFileReference; lastKnownFileType = sourcecode.swift; path = AppDelegate.swift; sourceTree = "<group>"; };
		095BA3A32A8E758A00518240 /* SceneDelegate.swift */ = {isa = PBXFileReference; lastKnownFileType = sourcecode.swift; path = SceneDelegate.swift; sourceTree = "<group>"; };
		095BA3A52A8E758A00518240 /* ViewController.swift */ = {isa = PBXFileReference; lastKnownFileType = sourcecode.swift; path = ViewController.swift; sourceTree = "<group>"; };
		095BA3A82A8E758A00518240 /* Base */ = {isa = PBXFileReference; lastKnownFileType = file.storyboard; name = Base; path = Base.lproj/Main.storyboard; sourceTree = "<group>"; };
		095BA3AA2A8E758D00518240 /* Assets.xcassets */ = {isa = PBXFileReference; lastKnownFileType = folder.assetcatalog; path = Assets.xcassets; sourceTree = "<group>"; };
		095BA3AD2A8E758D00518240 /* Base */ = {isa = PBXFileReference; lastKnownFileType = file.storyboard; name = Base; path = Base.lproj/LaunchScreen.storyboard; sourceTree = "<group>"; };
		095BA3AF2A8E758D00518240 /* Info.plist */ = {isa = PBXFileReference; lastKnownFileType = text.plist.xml; path = Info.plist; sourceTree = "<group>"; };
		095BA3B62A8E75C600518240 /* wayPoints100.json */ = {isa = PBXFileReference; fileEncoding = 4; lastKnownFileType = text.json; path = wayPoints100.json; sourceTree = "<group>"; };
		095BA3B72A8E75C600518240 /* CitiesModel.swift */ = {isa = PBXFileReference; fileEncoding = 4; lastKnownFileType = sourcecode.swift; path = CitiesModel.swift; sourceTree = "<group>"; };
		095BA3B82A8E75C600518240 /* SearchService.swift */ = {isa = PBXFileReference; fileEncoding = 4; lastKnownFileType = sourcecode.swift; path = SearchService.swift; sourceTree = "<group>"; };
		095BA3B92A8E75C600518240 /* PointModel.swift */ = {isa = PBXFileReference; fileEncoding = 4; lastKnownFileType = sourcecode.swift; path = PointModel.swift; sourceTree = "<group>"; };
		09DAC3332A924B17004F7F79 /* cities10k.json */ = {isa = PBXFileReference; fileEncoding = 4; lastKnownFileType = text.json; path = cities10k.json; sourceTree = "<group>"; };
		09DAC3352A924B1D004F7F79 /* cities100k.json */ = {isa = PBXFileReference; fileEncoding = 4; lastKnownFileType = text.json; path = cities100k.json; sourceTree = "<group>"; };
		09DAC3372A9251E4004F7F79 /* wayPoints10k.json */ = {isa = PBXFileReference; fileEncoding = 4; lastKnownFileType = text.json; path = wayPoints10k.json; sourceTree = "<group>"; };
/* End PBXFileReference section */

/* Begin PBXFrameworksBuildPhase section */
		095BA39B2A8E758A00518240 /* Frameworks */ = {
			isa = PBXFrameworksBuildPhase;
			buildActionMask = 2147483647;
			files = (
				095BA3C12A8E760000518240 /* SnapKit in Frameworks */,
				095BA3C42A8E760C00518240 /* KDTree in Frameworks */,
			);
			runOnlyForDeploymentPostprocessing = 0;
		};
/* End PBXFrameworksBuildPhase section */

/* Begin PBXGroup section */
		095BA3952A8E758A00518240 = {
			isa = PBXGroup;
			children = (
				095BA3A02A8E758A00518240 /* ArrayOfLocations */,
				095BA39F2A8E758A00518240 /* Products */,
			);
			sourceTree = "<group>";
		};
		095BA39F2A8E758A00518240 /* Products */ = {
			isa = PBXGroup;
			children = (
				095BA39E2A8E758A00518240 /* ArrayOfLocations.app */,
			);
			name = Products;
			sourceTree = "<group>";
		};
		095BA3A02A8E758A00518240 /* ArrayOfLocations */ = {
			isa = PBXGroup;
			children = (
				095BA3A12A8E758A00518240 /* AppDelegate.swift */,
				095BA3A32A8E758A00518240 /* SceneDelegate.swift */,
				095BA3A52A8E758A00518240 /* ViewController.swift */,
				095BA3B72A8E75C600518240 /* CitiesModel.swift */,
				095BA3B92A8E75C600518240 /* PointModel.swift */,
				095BA3B82A8E75C600518240 /* SearchService.swift */,
				09DAC3332A924B17004F7F79 /* cities10k.json */,
				09DAC3352A924B1D004F7F79 /* cities100k.json */,
				095BA3B62A8E75C600518240 /* wayPoints100.json */,
				09DAC3372A9251E4004F7F79 /* wayPoints10k.json */,
				095BA3A72A8E758A00518240 /* Main.storyboard */,
				095BA3AA2A8E758D00518240 /* Assets.xcassets */,
				095BA3AC2A8E758D00518240 /* LaunchScreen.storyboard */,
				095BA3AF2A8E758D00518240 /* Info.plist */,
			);
			path = ArrayOfLocations;
			sourceTree = "<group>";
		};
/* End PBXGroup section */

/* Begin PBXNativeTarget section */
		095BA39D2A8E758A00518240 /* ArrayOfLocations */ = {
			isa = PBXNativeTarget;
			buildConfigurationList = 095BA3B22A8E758D00518240 /* Build configuration list for PBXNativeTarget "ArrayOfLocations" */;
			buildPhases = (
				095BA39A2A8E758A00518240 /* Sources */,
				095BA39B2A8E758A00518240 /* Frameworks */,
				095BA39C2A8E758A00518240 /* Resources */,
			);
			buildRules = (
			);
			dependencies = (
			);
			name = ArrayOfLocations;
			packageProductDependencies = (
				095BA3C02A8E760000518240 /* SnapKit */,
				095BA3C32A8E760C00518240 /* KDTree */,
			);
			productName = ArrayOfLocations;
			productReference = 095BA39E2A8E758A00518240 /* ArrayOfLocations.app */;
			productType = "com.apple.product-type.application";
		};
/* End PBXNativeTarget section */

/* Begin PBXProject section */
		095BA3962A8E758A00518240 /* Project object */ = {
			isa = PBXProject;
			attributes = {
				BuildIndependentTargetsInParallel = 1;
				LastSwiftUpdateCheck = 1430;
				LastUpgradeCheck = 1430;
				TargetAttributes = {
					095BA39D2A8E758A00518240 = {
						CreatedOnToolsVersion = 14.3;
					};
				};
			};
			buildConfigurationList = 095BA3992A8E758A00518240 /* Build configuration list for PBXProject "ArrayOfLocations" */;
			compatibilityVersion = "Xcode 14.0";
			developmentRegion = en;
			hasScannedForEncodings = 0;
			knownRegions = (
				en,
				Base,
			);
			mainGroup = 095BA3952A8E758A00518240;
			packageReferences = (
				095BA3BF2A8E760000518240 /* XCRemoteSwiftPackageReference "SnapKit" */,
				095BA3C22A8E760C00518240 /* XCRemoteSwiftPackageReference "KDTree" */,
			);
			productRefGroup = 095BA39F2A8E758A00518240 /* Products */;
			projectDirPath = "";
			projectRoot = "";
			targets = (
				095BA39D2A8E758A00518240 /* ArrayOfLocations */,
			);
		};
/* End PBXProject section */

/* Begin PBXResourcesBuildPhase section */
		095BA39C2A8E758A00518240 /* Resources */ = {
			isa = PBXResourcesBuildPhase;
			buildActionMask = 2147483647;
			files = (
				095BA3BB2A8E75C600518240 /* wayPoints100.json in Resources */,
				09DAC3382A9251E4004F7F79 /* wayPoints10k.json in Resources */,
				09DAC3342A924B17004F7F79 /* cities10k.json in Resources */,
				095BA3AE2A8E758D00518240 /* LaunchScreen.storyboard in Resources */,
				095BA3AB2A8E758D00518240 /* Assets.xcassets in Resources */,
				09DAC3362A924B1D004F7F79 /* cities100k.json in Resources */,
				095BA3A92A8E758A00518240 /* Main.storyboard in Resources */,
			);
			runOnlyForDeploymentPostprocessing = 0;
		};
/* End PBXResourcesBuildPhase section */

/* Begin PBXSourcesBuildPhase section */
		095BA39A2A8E758A00518240 /* Sources */ = {
			isa = PBXSourcesBuildPhase;
			buildActionMask = 2147483647;
			files = (
				095BA3A62A8E758A00518240 /* ViewController.swift in Sources */,
				095BA3A22A8E758A00518240 /* AppDelegate.swift in Sources */,
				095BA3BD2A8E75C600518240 /* SearchService.swift in Sources */,
				095BA3BC2A8E75C600518240 /* CitiesModel.swift in Sources */,
				095BA3BE2A8E75C600518240 /* PointModel.swift in Sources */,
				095BA3A42A8E758A00518240 /* SceneDelegate.swift in Sources */,
			);
			runOnlyForDeploymentPostprocessing = 0;
		};
/* End PBXSourcesBuildPhase section */

/* Begin PBXVariantGroup section */
		095BA3A72A8E758A00518240 /* Main.storyboard */ = {
			isa = PBXVariantGroup;
			children = (
				095BA3A82A8E758A00518240 /* Base */,
			);
			name = Main.storyboard;
			sourceTree = "<group>";
		};
		095BA3AC2A8E758D00518240 /* LaunchScreen.storyboard */ = {
			isa = PBXVariantGroup;
			children = (
				095BA3AD2A8E758D00518240 /* Base */,
			);
			name = LaunchScreen.storyboard;
			sourceTree = "<group>";
		};
/* End PBXVariantGroup section */

/* Begin XCBuildConfiguration section */
		095BA3B02A8E758D00518240 /* Debug */ = {
			isa = XCBuildConfiguration;
			buildSettings = {
				ALWAYS_SEARCH_USER_PATHS = NO;
				CLANG_ANALYZER_NONNULL = YES;
				CLANG_ANALYZER_NUMBER_OBJECT_CONVERSION = YES_AGGRESSIVE;
				CLANG_CXX_LANGUAGE_STANDARD = "gnu++20";
				CLANG_ENABLE_MODULES = YES;
				CLANG_ENABLE_OBJC_ARC = YES;
				CLANG_ENABLE_OBJC_WEAK = YES;
				CLANG_WARN_BLOCK_CAPTURE_AUTORELEASING = YES;
				CLANG_WARN_BOOL_CONVERSION = YES;
				CLANG_WARN_COMMA = YES;
				CLANG_WARN_CONSTANT_CONVERSION = YES;
				CLANG_WARN_DEPRECATED_OBJC_IMPLEMENTATIONS = YES;
				CLANG_WARN_DIRECT_OBJC_ISA_USAGE = YES_ERROR;
				CLANG_WARN_DOCUMENTATION_COMMENTS = YES;
				CLANG_WARN_EMPTY_BODY = YES;
				CLANG_WARN_ENUM_CONVERSION = YES;
				CLANG_WARN_INFINITE_RECURSION = YES;
				CLANG_WARN_INT_CONVERSION = YES;
				CLANG_WARN_NON_LITERAL_NULL_CONVERSION = YES;
				CLANG_WARN_OBJC_IMPLICIT_RETAIN_SELF = YES;
				CLANG_WARN_OBJC_LITERAL_CONVERSION = YES;
				CLANG_WARN_OBJC_ROOT_CLASS = YES_ERROR;
				CLANG_WARN_QUOTED_INCLUDE_IN_FRAMEWORK_HEADER = YES;
				CLANG_WARN_RANGE_LOOP_ANALYSIS = YES;
				CLANG_WARN_STRICT_PROTOTYPES = YES;
				CLANG_WARN_SUSPICIOUS_MOVE = YES;
				CLANG_WARN_UNGUARDED_AVAILABILITY = YES_AGGRESSIVE;
				CLANG_WARN_UNREACHABLE_CODE = YES;
				CLANG_WARN__DUPLICATE_METHOD_MATCH = YES;
				COPY_PHASE_STRIP = NO;
				DEBUG_INFORMATION_FORMAT = dwarf;
				ENABLE_STRICT_OBJC_MSGSEND = YES;
				ENABLE_TESTABILITY = YES;
				GCC_C_LANGUAGE_STANDARD = gnu11;
				GCC_DYNAMIC_NO_PIC = NO;
				GCC_NO_COMMON_BLOCKS = YES;
				GCC_OPTIMIZATION_LEVEL = 0;
				GCC_PREPROCESSOR_DEFINITIONS = (
					"DEBUG=1",
					"$(inherited)",
				);
				GCC_WARN_64_TO_32_BIT_CONVERSION = YES;
				GCC_WARN_ABOUT_RETURN_TYPE = YES_ERROR;
				GCC_WARN_UNDECLARED_SELECTOR = YES;
				GCC_WARN_UNINITIALIZED_AUTOS = YES_AGGRESSIVE;
				GCC_WARN_UNUSED_FUNCTION = YES;
				GCC_WARN_UNUSED_VARIABLE = YES;
				IPHONEOS_DEPLOYMENT_TARGET = 16.4;
				MTL_ENABLE_DEBUG_INFO = INCLUDE_SOURCE;
				MTL_FAST_MATH = YES;
				ONLY_ACTIVE_ARCH = YES;
				SDKROOT = iphoneos;
				SWIFT_ACTIVE_COMPILATION_CONDITIONS = DEBUG;
				SWIFT_OPTIMIZATION_LEVEL = "-Onone";
			};
			name = Debug;
		};
		095BA3B12A8E758D00518240 /* Release */ = {
			isa = XCBuildConfiguration;
			buildSettings = {
				ALWAYS_SEARCH_USER_PATHS = NO;
				CLANG_ANALYZER_NONNULL = YES;
				CLANG_ANALYZER_NUMBER_OBJECT_CONVERSION = YES_AGGRESSIVE;
				CLANG_CXX_LANGUAGE_STANDARD = "gnu++20";
				CLANG_ENABLE_MODULES = YES;
				CLANG_ENABLE_OBJC_ARC = YES;
				CLANG_ENABLE_OBJC_WEAK = YES;
				CLANG_WARN_BLOCK_CAPTURE_AUTORELEASING = YES;
				CLANG_WARN_BOOL_CONVERSION = YES;
				CLANG_WARN_COMMA = YES;
				CLANG_WARN_CONSTANT_CONVERSION = YES;
				CLANG_WARN_DEPRECATED_OBJC_IMPLEMENTATIONS = YES;
				CLANG_WARN_DIRECT_OBJC_ISA_USAGE = YES_ERROR;
				CLANG_WARN_DOCUMENTATION_COMMENTS = YES;
				CLANG_WARN_EMPTY_BODY = YES;
				CLANG_WARN_ENUM_CONVERSION = YES;
				CLANG_WARN_INFINITE_RECURSION = YES;
				CLANG_WARN_INT_CONVERSION = YES;
				CLANG_WARN_NON_LITERAL_NULL_CONVERSION = YES;
				CLANG_WARN_OBJC_IMPLICIT_RETAIN_SELF = YES;
				CLANG_WARN_OBJC_LITERAL_CONVERSION = YES;
				CLANG_WARN_OBJC_ROOT_CLASS = YES_ERROR;
				CLANG_WARN_QUOTED_INCLUDE_IN_FRAMEWORK_HEADER = YES;
				CLANG_WARN_RANGE_LOOP_ANALYSIS = YES;
				CLANG_WARN_STRICT_PROTOTYPES = YES;
				CLANG_WARN_SUSPICIOUS_MOVE = YES;
				CLANG_WARN_UNGUARDED_AVAILABILITY = YES_AGGRESSIVE;
				CLANG_WARN_UNREACHABLE_CODE = YES;
				CLANG_WARN__DUPLICATE_METHOD_MATCH = YES;
				COPY_PHASE_STRIP = NO;
				DEBUG_INFORMATION_FORMAT = "dwarf-with-dsym";
				ENABLE_NS_ASSERTIONS = NO;
				ENABLE_STRICT_OBJC_MSGSEND = YES;
				GCC_C_LANGUAGE_STANDARD = gnu11;
				GCC_NO_COMMON_BLOCKS = YES;
				GCC_WARN_64_TO_32_BIT_CONVERSION = YES;
				GCC_WARN_ABOUT_RETURN_TYPE = YES_ERROR;
				GCC_WARN_UNDECLARED_SELECTOR = YES;
				GCC_WARN_UNINITIALIZED_AUTOS = YES_AGGRESSIVE;
				GCC_WARN_UNUSED_FUNCTION = YES;
				GCC_WARN_UNUSED_VARIABLE = YES;
				IPHONEOS_DEPLOYMENT_TARGET = 16.4;
				MTL_ENABLE_DEBUG_INFO = NO;
				MTL_FAST_MATH = YES;
				SDKROOT = iphoneos;
				SWIFT_COMPILATION_MODE = wholemodule;
				SWIFT_OPTIMIZATION_LEVEL = "-O";
				VALIDATE_PRODUCT = YES;
			};
			name = Release;
		};
		095BA3B32A8E758D00518240 /* Debug */ = {
			isa = XCBuildConfiguration;
			buildSettings = {
				ASSETCATALOG_COMPILER_APPICON_NAME = AppIcon;
				ASSETCATALOG_COMPILER_GLOBAL_ACCENT_COLOR_NAME = AccentColor;
				CODE_SIGN_STYLE = Automatic;
				CURRENT_PROJECT_VERSION = 1;
				GENERATE_INFOPLIST_FILE = YES;
				INFOPLIST_FILE = ArrayOfLocations/Info.plist;
				INFOPLIST_KEY_UIApplicationSupportsIndirectInputEvents = YES;
				INFOPLIST_KEY_UILaunchStoryboardName = LaunchScreen;
				INFOPLIST_KEY_UIMainStoryboardFile = Main;
				INFOPLIST_KEY_UISupportedInterfaceOrientations_iPad = "UIInterfaceOrientationPortrait UIInterfaceOrientationPortraitUpsideDown UIInterfaceOrientationLandscapeLeft UIInterfaceOrientationLandscapeRight";
				INFOPLIST_KEY_UISupportedInterfaceOrientations_iPhone = "UIInterfaceOrientationPortrait UIInterfaceOrientationLandscapeLeft UIInterfaceOrientationLandscapeRight";
				LD_RUNPATH_SEARCH_PATHS = (
					"$(inherited)",
					"@executable_path/Frameworks",
				);
				MARKETING_VERSION = 1.0;
				PRODUCT_BUNDLE_IDENTIFIER = IF.ArrayOfLocations;
				PRODUCT_NAME = "$(TARGET_NAME)";
				SWIFT_EMIT_LOC_STRINGS = YES;
				SWIFT_VERSION = 5.0;
				TARGETED_DEVICE_FAMILY = "1,2";
			};
			name = Debug;
		};
		095BA3B42A8E758D00518240 /* Release */ = {
			isa = XCBuildConfiguration;
			buildSettings = {
				ASSETCATALOG_COMPILER_APPICON_NAME = AppIcon;
				ASSETCATALOG_COMPILER_GLOBAL_ACCENT_COLOR_NAME = AccentColor;
				CODE_SIGN_STYLE = Automatic;
				CURRENT_PROJECT_VERSION = 1;
				GENERATE_INFOPLIST_FILE = YES;
				INFOPLIST_FILE = ArrayOfLocations/Info.plist;
				INFOPLIST_KEY_UIApplicationSupportsIndirectInputEvents = YES;
				INFOPLIST_KEY_UILaunchStoryboardName = LaunchScreen;
				INFOPLIST_KEY_UIMainStoryboardFile = Main;
				INFOPLIST_KEY_UISupportedInterfaceOrientations_iPad = "UIInterfaceOrientationPortrait UIInterfaceOrientationPortraitUpsideDown UIInterfaceOrientationLandscapeLeft UIInterfaceOrientationLandscapeRight";
				INFOPLIST_KEY_UISupportedInterfaceOrientations_iPhone = "UIInterfaceOrientationPortrait UIInterfaceOrientationLandscapeLeft UIInterfaceOrientationLandscapeRight";
				LD_RUNPATH_SEARCH_PATHS = (
					"$(inherited)",
					"@executable_path/Frameworks",
				);
				MARKETING_VERSION = 1.0;
				PRODUCT_BUNDLE_IDENTIFIER = IF.ArrayOfLocations;
				PRODUCT_NAME = "$(TARGET_NAME)";
				SWIFT_EMIT_LOC_STRINGS = YES;
				SWIFT_VERSION = 5.0;
				TARGETED_DEVICE_FAMILY = "1,2";
			};
			name = Release;
		};
/* End XCBuildConfiguration section */

/* Begin XCConfigurationList section */
		095BA3992A8E758A00518240 /* Build configuration list for PBXProject "ArrayOfLocations" */ = {
			isa = XCConfigurationList;
			buildConfigurations = (
				095BA3B02A8E758D00518240 /* Debug */,
				095BA3B12A8E758D00518240 /* Release */,
			);
			defaultConfigurationIsVisible = 0;
			defaultConfigurationName = Release;
		};
		095BA3B22A8E758D00518240 /* Build configuration list for PBXNativeTarget "ArrayOfLocations" */ = {
			isa = XCConfigurationList;
			buildConfigurations = (
				095BA3B32A8E758D00518240 /* Debug */,
				095BA3B42A8E758D00518240 /* Release */,
			);
			defaultConfigurationIsVisible = 0;
			defaultConfigurationName = Release;
		};
/* End XCConfigurationList section */

/* Begin XCRemoteSwiftPackageReference section */
		095BA3BF2A8E760000518240 /* XCRemoteSwiftPackageReference "SnapKit" */ = {
			isa = XCRemoteSwiftPackageReference;
			repositoryURL = "https://github.com/SnapKit/SnapKit.git";
			requirement = {
				kind = upToNextMajorVersion;
				minimumVersion = 5.0.0;
			};
		};
		095BA3C22A8E760C00518240 /* XCRemoteSwiftPackageReference "KDTree" */ = {
			isa = XCRemoteSwiftPackageReference;
			repositoryURL = "https://github.com/Bersaelor/KDTree";
			requirement = {
				kind = upToNextMajorVersion;
				minimumVersion = 1.0.0;
			};
		};
/* End XCRemoteSwiftPackageReference section */

/* Begin XCSwiftPackageProductDependency section */
		095BA3C02A8E760000518240 /* SnapKit */ = {
			isa = XCSwiftPackageProductDependency;
			package = 095BA3BF2A8E760000518240 /* XCRemoteSwiftPackageReference "SnapKit" */;
			productName = SnapKit;
		};
		095BA3C32A8E760C00518240 /* KDTree */ = {
			isa = XCSwiftPackageProductDependency;
			package = 095BA3C22A8E760C00518240 /* XCRemoteSwiftPackageReference "KDTree" */;
			productName = KDTree;
		};
/* End XCSwiftPackageProductDependency section */
	};
	rootObject = 095BA3962A8E758A00518240 /* Project object */;
}
